// !$*UTF8*$!
{
	archiveVersion = 1;
	classes = {
	};
	objectVersion = 77;
	objects = {

/* Begin PBXBuildFile section */
		017B2AB5B86532BF02494DE4 /* StudentRow.swift in Sources */ = {isa = PBXBuildFile; fileRef = AA85944A21C4F78D23C53972 /* StudentRow.swift */; };
		47DAB01DF974EBE07AA09688 /* TableDemoView.swift in Sources */ = {isa = PBXBuildFile; fileRef = 71852EE47A4CDC6F5E3C902C /* TableDemoView.swift */; };
		67CB850C1EB1E51D1A9EEE78 /* swiftui_table_demo.swift in Sources */ = {isa = PBXBuildFile; fileRef = 6FC68E9B363B389A9A27A282 /* swiftui_table_demo.swift */; };
		E449A9494606AC6BCFB4A36E /* TableDemoStore.swift in Sources */ = {isa = PBXBuildFile; fileRef = 81FFBC1155CBBBDE05826731 /* TableDemoStore.swift */; };
/* End PBXBuildFile section */

/* Begin PBXFileReference section */
		6FC68E9B363B389A9A27A282 /* swiftui_table_demo.swift */ = {isa = PBXFileReference; lastKnownFileType = sourcecode.swift; path = swiftui_table_demo.swift; sourceTree = "<group>"; };
		71852EE47A4CDC6F5E3C902C /* TableDemoView.swift */ = {isa = PBXFileReference; lastKnownFileType = sourcecode.swift; path = TableDemoView.swift; sourceTree = "<group>"; };
		81FFBC1155CBBBDE05826731 /* TableDemoStore.swift */ = {isa = PBXFileReference; lastKnownFileType = sourcecode.swift; path = TableDemoStore.swift; sourceTree = "<group>"; };
		AA85944A21C4F78D23C53972 /* StudentRow.swift */ = {isa = PBXFileReference; lastKnownFileType = sourcecode.swift; path = StudentRow.swift; sourceTree = "<group>"; };
		F06C7C59FAD07E898366107A /* swiftui_table_demo.app */ = {isa = PBXFileReference; explicitFileType = wrapper.application; includeInIndex = 0; path = swiftui_table_demo.app; sourceTree = BUILT_PRODUCTS_DIR; };
/* End PBXFileReference section */

/* Begin PBXGroup section */
		06D59AEFD39AE9C969298473 /* Products */ = {
			isa = PBXGroup;
			children = (
				F06C7C59FAD07E898366107A /* swiftui_table_demo.app */,
			);
			name = Products;
			sourceTree = "<group>";
		};
		0CAE80F83FC4DFAAEB08B371 /* Sources */ = {
			isa = PBXGroup;
			children = (
				AA85944A21C4F78D23C53972 /* StudentRow.swift */,
				6FC68E9B363B389A9A27A282 /* swiftui_table_demo.swift */,
				81FFBC1155CBBBDE05826731 /* TableDemoStore.swift */,
				71852EE47A4CDC6F5E3C902C /* TableDemoView.swift */,
			);
			path = Sources;
			sourceTree = "<group>";
		};
		E2A08E5DAAEBCC420860DD76 = {
			isa = PBXGroup;
			children = (
				0CAE80F83FC4DFAAEB08B371 /* Sources */,
				06D59AEFD39AE9C969298473 /* Products */,
			);
			sourceTree = "<group>";
		};
/* End PBXGroup section */

/* Begin PBXNativeTarget section */
		37567E968BE0157B4E8EDC5A /* swiftui_table_demo */ = {
			isa = PBXNativeTarget;
			buildConfigurationList = 79F97F0B5865A0DF6570C633 /* Build configuration list for PBXNativeTarget "swiftui_table_demo" */;
			buildPhases = (
				79621C332279E6ED0C499E6F /* Sources */,
			);
			buildRules = (
			);
			dependencies = (
			);
			name = swiftui_table_demo;
			packageProductDependencies = (
			);
			productName = swiftui_table_demo;
			productReference = F06C7C59FAD07E898366107A /* swiftui_table_demo.app */;
			productType = "com.apple.product-type.application";
		};
/* End PBXNativeTarget section */

/* Begin PBXProject section */
		C709C553981519056CF170BA /* Project object */ = {
			isa = PBXProject;
			attributes = {
				BuildIndependentTargetsInParallel = YES;
				LastUpgradeCheck = 1430;
				TargetAttributes = {
					37567E968BE0157B4E8EDC5A = {
						DevelopmentTeam = "";
						ProvisioningStyle = Manual;
					};
				};
			};
			buildConfigurationList = 9C4EEAF5A6E6A610B1942E4A /* Build configuration list for PBXProject "swiftui_table_demo" */;
			developmentRegion = en;
			hasScannedForEncodings = 0;
			knownRegions = (
				Base,
				en,
			);
			mainGroup = E2A08E5DAAEBCC420860DD76;
			minimizedProjectReferenceProxies = 1;
			preferredProjectObjectVersion = 77;
			productRefGroup = 06D59AEFD39AE9C969298473 /* Products */;
			projectDirPath = "";
			projectRoot = "";
			targets = (
				37567E968BE0157B4E8EDC5A /* swiftui_table_demo */,
			);
		};
/* End PBXProject section */

/* Begin PBXSourcesBuildPhase section */
		79621C332279E6ED0C499E6F /* Sources */ = {
			isa = PBXSourcesBuildPhase;
			buildActionMask = 2147483647;
			files = (
				017B2AB5B86532BF02494DE4 /* StudentRow.swift in Sources */,
				E449A9494606AC6BCFB4A36E /* TableDemoStore.swift in Sources */,
				47DAB01DF974EBE07AA09688 /* TableDemoView.swift in Sources */,
				67CB850C1EB1E51D1A9EEE78 /* swiftui_table_demo.swift in Sources */,
			);
			runOnlyForDeploymentPostprocessing = 0;
		};
/* End PBXSourcesBuildPhase section */

/* Begin XCBuildConfiguration section */
		23C8B5944C0517FFB41BA9F3 /* Release */ = {
			isa = XCBuildConfiguration;
			buildSettings = {
				ASSETCATALOG_COMPILER_APPICON_NAME = AppIcon;
				CODE_SIGN_IDENTITY = "-";
				CODE_SIGN_STYLE = Manual;
				COMBINE_HIDPI_IMAGES = YES;
				DEVELOPMENT_TEAM = "";
				ENABLE_HARDENED_RUNTIME = NO;
				GENERATE_INFOPLIST_FILE = YES;
				LD_RUNPATH_SEARCH_PATHS = (
					"$(inherited)",
					"@executable_path/../Frameworks",
				);
				PRODUCT_BUNDLE_IDENTIFIER = com.freewind.swiftuitabledemo;
				SDKROOT = macosx;
			};
			name = Release;
		};
		4B79DDC1446F4679086B945C /* Release */ = {
			isa = XCBuildConfiguration;
			buildSettings = {
				ALWAYS_SEARCH_USER_PATHS = NO;
				CLANG_ANALYZER_NONNULL = YES;
				CLANG_ANALYZER_NUMBER_OBJECT_CONVERSION = YES_AGGRESSIVE;
				CLANG_CXX_LANGUAGE_STANDARD = "gnu++14";
				CLANG_CXX_LIBRARY = "libc++";
				CLANG_ENABLE_MODULES = YES;
				CLANG_ENABLE_OBJC_ARC = YES;
				CLANG_ENABLE_OBJC_WEAK = YES;
				CLANG_WARN_BLOCK_CAPTURE_AUTORELEASING = YES;
				CLANG_WARN_BOOL_CONVERSION = YES;
				CLANG_WARN_COMMA = YES;
				CLANG_WARN_CONSTANT_CONVERSION = YES;
				CLANG_WARN_DEPRECATED_OBJC_IMPLEMENTATIONS = YES;
				CLANG_WARN_DIRECT_OBJC_ISA_USAGE = YES_ERROR;
				CLANG_WARN_DOCUMENTATION_COMMENTS = YES;
				CLANG_WARN_EMPTY_BODY = YES;
				CLANG_WARN_ENUM_CONVERSION = YES;
				CLANG_WARN_INFINITE_RECURSION = YES;
				CLANG_WARN_INT_CONVERSION = YES;
				CLANG_WARN_NON_LITERAL_NULL_CONVERSION = YES;
				CLANG_WARN_OBJC_IMPLICIT_RETAIN_SELF = YES;
				CLANG_WARN_OBJC_LITERAL_CONVERSION = YES;
				CLANG_WARN_OBJC_ROOT_CLASS = YES_ERROR;
				CLANG_WARN_QUOTED_INCLUDE_IN_FRAMEWORK_HEADER = YES;
				CLANG_WARN_RANGE_LOOP_ANALYSIS = YES;
				CLANG_WARN_STRICT_PROTOTYPES = YES;
				CLANG_WARN_SUSPICIOUS_MOVE = YES;
				CLANG_WARN_UNGUARDED_AVAILABILITY = YES_AGGRESSIVE;
				CLANG_WARN_UNREACHABLE_CODE = YES;
				CLANG_WARN__DUPLICATE_METHOD_MATCH = YES;
				COPY_PHASE_STRIP = NO;
				DEBUG_INFORMATION_FORMAT = "dwarf-with-dsym";
				ENABLE_NS_ASSERTIONS = NO;
				ENABLE_STRICT_OBJC_MSGSEND = YES;
				GCC_C_LANGUAGE_STANDARD = gnu11;
				GCC_NO_COMMON_BLOCKS = YES;
				GCC_WARN_64_TO_32_BIT_CONVERSION = YES;
				GCC_WARN_ABOUT_RETURN_TYPE = YES_ERROR;
				GCC_WARN_UNDECLARED_SELECTOR = YES;
				GCC_WARN_UNINITIALIZED_AUTOS = YES_AGGRESSIVE;
				GCC_WARN_UNUSED_FUNCTION = YES;
				GCC_WARN_UNUSED_VARIABLE = YES;
				MACOSX_DEPLOYMENT_TARGET = 14.0;
				MTL_ENABLE_DEBUG_INFO = NO;
				MTL_FAST_MATH = YES;
				PRODUCT_NAME = "$(TARGET_NAME)";
				SDKROOT = macosx;
				SWIFT_COMPILATION_MODE = wholemodule;
				SWIFT_OPTIMIZATION_LEVEL = "-O";
				SWIFT_VERSION = 5.9;
			};
			name = Release;
		};
		80BA588E5D61AFA6CE379103 /* Debug */ = {
			isa = XCBuildConfiguration;
			buildSettings = {
				ASSETCATALOG_COMPILER_APPICON_NAME = AppIcon;
				CODE_SIGN_IDENTITY = "-";
				CODE_SIGN_STYLE = Manual;
				COMBINE_HIDPI_IMAGES = YES;
				DEVELOPMENT_TEAM = "";
				ENABLE_HARDENED_RUNTIME = NO;
				GENERATE_INFOPLIST_FILE = YES;
				LD_RUNPATH_SEARCH_PATHS = (
					"$(inherited)",
					"@executable_path/../Frameworks",
				);
				PRODUCT_BUNDLE_IDENTIFIER = com.freewind.swiftuitabledemo;
				SDKROOT = macosx;
			};
			name = Debug;
		};
		EE10603A7242ACF4BC0B08F1 /* Debug */ = {
			isa = XCBuildConfiguration;
			buildSettings = {
				ALWAYS_SEARCH_USER_PATHS = NO;
				CLANG_ANALYZER_NONNULL = YES;
				CLANG_ANALYZER_NUMBER_OBJECT_CONVERSION = YES_AGGRESSIVE;
				CLANG_CXX_LANGUAGE_STANDARD = "gnu++14";
				CLANG_CXX_LIBRARY = "libc++";
				CLANG_ENABLE_MODULES = YES;
				CLANG_ENABLE_OBJC_ARC = YES;
				CLANG_ENABLE_OBJC_WEAK = YES;
				CLANG_WARN_BLOCK_CAPTURE_AUTORELEASING = YES;
				CLANG_WARN_BOOL_CONVERSION = YES;
				CLANG_WARN_COMMA = YES;
				CLANG_WARN_CONSTANT_CONVERSION = YES;
				CLANG_WARN_DEPRECATED_OBJC_IMPLEMENTATIONS = YES;
				CLANG_WARN_DIRECT_OBJC_ISA_USAGE = YES_ERROR;
				CLANG_WARN_DOCUMENTATION_COMMENTS = YES;
				CLANG_WARN_EMPTY_BODY = YES;
				CLANG_WARN_ENUM_CONVERSION = YES;
				CLANG_WARN_INFINITE_RECURSION = YES;
				CLANG_WARN_INT_CONVERSION = YES;
				CLANG_WARN_NON_LITERAL_NULL_CONVERSION = YES;
				CLANG_WARN_OBJC_IMPLICIT_RETAIN_SELF = YES;
				CLANG_WARN_OBJC_LITERAL_CONVERSION = YES;
				CLANG_WARN_OBJC_ROOT_CLASS = YES_ERROR;
				CLANG_WARN_QUOTED_INCLUDE_IN_FRAMEWORK_HEADER = YES;
				CLANG_WARN_RANGE_LOOP_ANALYSIS = YES;
				CLANG_WARN_STRICT_PROTOTYPES = YES;
				CLANG_WARN_SUSPICIOUS_MOVE = YES;
				CLANG_WARN_UNGUARDED_AVAILABILITY = YES_AGGRESSIVE;
				CLANG_WARN_UNREACHABLE_CODE = YES;
				CLANG_WARN__DUPLICATE_METHOD_MATCH = YES;
				COPY_PHASE_STRIP = NO;
				DEBUG_INFORMATION_FORMAT = dwarf;
				ENABLE_STRICT_OBJC_MSGSEND = YES;
				ENABLE_TESTABILITY = YES;
				GCC_C_LANGUAGE_STANDARD = gnu11;
				GCC_DYNAMIC_NO_PIC = NO;
				GCC_NO_COMMON_BLOCKS = YES;
				GCC_OPTIMIZATION_LEVEL = 0;
				GCC_PREPROCESSOR_DEFINITIONS = (
					"$(inherited)",
					"DEBUG=1",
				);
				GCC_WARN_64_TO_32_BIT_CONVERSION = YES;
				GCC_WARN_ABOUT_RETURN_TYPE = YES_ERROR;
				GCC_WARN_UNDECLARED_SELECTOR = YES;
				GCC_WARN_UNINITIALIZED_AUTOS = YES_AGGRESSIVE;
				GCC_WARN_UNUSED_FUNCTION = YES;
				GCC_WARN_UNUSED_VARIABLE = YES;
				MACOSX_DEPLOYMENT_TARGET = 14.0;
				MTL_ENABLE_DEBUG_INFO = INCLUDE_SOURCE;
				MTL_FAST_MATH = YES;
				ONLY_ACTIVE_ARCH = YES;
				PRODUCT_NAME = "$(TARGET_NAME)";
				SDKROOT = macosx;
				SWIFT_ACTIVE_COMPILATION_CONDITIONS = DEBUG;
				SWIFT_OPTIMIZATION_LEVEL = "-Onone";
				SWIFT_VERSION = 5.9;
			};
			name = Debug;
		};
/* End XCBuildConfiguration section */

/* Begin XCConfigurationList section */
		79F97F0B5865A0DF6570C633 /* Build configuration list for PBXNativeTarget "swiftui_table_demo" */ = {
			isa = XCConfigurationList;
			buildConfigurations = (
				80BA588E5D61AFA6CE379103 /* Debug */,
				23C8B5944C0517FFB41BA9F3 /* Release */,
			);
			defaultConfigurationIsVisible = 0;
			defaultConfigurationName = Debug;
		};
		9C4EEAF5A6E6A610B1942E4A /* Build configuration list for PBXProject "swiftui_table_demo" */ = {
			isa = XCConfigurationList;
			buildConfigurations = (
				EE10603A7242ACF4BC0B08F1 /* Debug */,
				4B79DDC1446F4679086B945C /* Release */,
			);
			defaultConfigurationIsVisible = 0;
			defaultConfigurationName = Debug;
		};
/* End XCConfigurationList section */
	};
	rootObject = C709C553981519056CF170BA /* Project object */;
}
